{
  "name": "repo-kb",
  "version": "0.1.0",
  "lockfileVersion": 3,
  "requires": true,
  "packages": {
    "": {
      "name": "repo-kb",
      "version": "0.1.0",
      "license": "UNLICENSED",
      "bin": {
        "repo-kb": "bin/repo-kb.mjs"
      },
      "engines": {
        "node": ">=20"
      }
    }
  }
}
